Microsoft Visual Studio Solution File, Format Version 11.00
# Visual Studio 2010
Project("{0E587F00-D9CC-418F-AB3D-676D279050C3}") = "test", ".dub/test.visualdproj", "{FC803793-BEA3-4AD8-8D77-9E0ABD0AF4E7}"
	ProjectSection(ProjectDependencies) = postProject
		{4111EFE5-53A1-4404-9321-BF185643351F} = {4111EFE5-53A1-4404-9321-BF185643351F}
	EndProjectSection
EndProject
Project("{0E587F00-D9CC-418F-AB3D-676D279050C3}") = "grimoire", ".dub/grimoire.visualdproj", "{4111EFE5-53A1-4404-9321-BF185643351F}"
EndProject
Global
	GlobalSection(SolutionConfigurationPlatforms) = preSolution
		debug|x64 = debug|x64
	EndGlobalSection
	GlobalSection(ProjectConfigurationPlatforms) = postSolution
		{FC803793-BEA3-4AD8-8D77-9E0ABD0AF4E7}.debug|x64.ActiveCfg = debug|x64
		{FC803793-BEA3-4AD8-8D77-9E0ABD0AF4E7}.debug|x64.Build.0 = debug|x64
		{4111EFE5-53A1-4404-9321-BF185643351F}.debug|x64.ActiveCfg = debug|x64
		{4111EFE5-53A1-4404-9321-BF185643351F}.debug|x64.Build.0 = debug|x64
	EndGlobalSection
	GlobalSection(SolutionProperties) = preSolution
		HideSolutionNode = FALSE
	EndGlobalSection
EndGlobal
